
Microsoft Visual Studio Solution File, Format Version 12.00
# Visual Studio 2013
VisualStudioVersion = 12.0.30723.0
MinimumVisualStudioVersion = 10.0.40219.1
Project("{FAE04EC0-301F-11D3-BF4B-00C04F79EFBC}") = "MvcWithS3Api", "MvcWithS3Api\MvcWithS3Api.csproj", "{83C8ABE4-FFFE-424A-9CCF-57A22EB99A6D}"
EndProject
Global
	GlobalSection(SolutionConfigurationPlatforms) = preSolution
		Debug|Any CPU = Debug|Any CPU
		Release|Any CPU = Release|Any CPU
	EndGlobalSection
	GlobalSection(ProjectConfigurationPlatforms) = postSolution
		{83C8ABE4-FFFE-424A-9CCF-57A22EB99A6D}.Debug|Any CPU.ActiveCfg = Debug|Any CPU
		{83C8ABE4-FFFE-424A-9CCF-57A22EB99A6D}.Debug|Any CPU.Build.0 = Debug|Any CPU
		{83C8ABE4-FFFE-424A-9CCF-57A22EB99A6D}.Release|Any CPU.ActiveCfg = Release|Any CPU
		{83C8ABE4-FFFE-424A-9CCF-57A22EB99A6D}.Release|Any CPU.Build.0 = Release|Any CPU
	EndGlobalSection
	GlobalSection(SolutionProperties) = preSolution
		HideSolutionNode = FALSE
	EndGlobalSection
EndGlobal
